
Microsoft Visual Studio Solution File, Format Version 11.00
# Visual Studio 2010
Project("{FAE04EC0-301F-11D3-BF4B-00C04F79EFBC}") = "ButtonRandomGame", "ButtonRandomGame\ButtonRandomGame.csproj", "{BB22F914-6C76-42FB-A51E-2864306D159C}"
EndProject
Global
	GlobalSection(SolutionConfigurationPlatforms) = preSolution
		Debug|x86 = Debug|x86
		Release|x86 = Release|x86
	EndGlobalSection
	GlobalSection(ProjectConfigurationPlatforms) = postSolution
		{BB22F914-6C76-42FB-A51E-2864306D159C}.Debug|x86.ActiveCfg = Debug|x86
		{BB22F914-6C76-42FB-A51E-2864306D159C}.Debug|x86.Build.0 = Debug|x86
		{BB22F914-6C76-42FB-A51E-2864306D159C}.Release|x86.ActiveCfg = Release|x86
		{BB22F914-6C76-42FB-A51E-2864306D159C}.Release|x86.Build.0 = Release|x86
	EndGlobalSection
	GlobalSection(SolutionProperties) = preSolution
		HideSolutionNode = FALSE
	EndGlobalSection
EndGlobal
